
Microsoft Visual Studio Solution File, Format Version 12.00
# Visual Studio Version 17
VisualStudioVersion = 17.12.35527.113
MinimumVisualStudioVersion = 10.0.40219.1
Project("{FAE04EC0-301F-11D3-BF4B-00C04F79EFBC}") = "CarClassLibrary", "CarClassLibrary\CarClassLibrary.csproj", "{3695EDAE-72A2-41B5-B16B-E5A1FB845764}"
EndProject
Project("{FAE04EC0-301F-11D3-BF4B-00C04F79EFBC}") = "CarStoreConsoleApp", "CarStoreConsoleApp\CarStoreConsoleApp.csproj", "{3556B87A-F910-45DA-949A-B35EDB663A1F}"
EndProject
Project("{FAE04EC0-301F-11D3-BF4B-00C04F79EFBC}") = "CarStoreGUI", "CarStoreGUI\CarStoreGUI.csproj", "{BE3B659D-D791-4690-A345-564464B742FA}"
EndProject
Global
	GlobalSection(SolutionConfigurationPlatforms) = preSolution
		Debug|Any CPU = Debug|Any CPU
		Release|Any CPU = Release|Any CPU
	EndGlobalSection
	GlobalSection(ProjectConfigurationPlatforms) = postSolution
		{3695EDAE-72A2-41B5-B16B-E5A1FB845764}.Debug|Any CPU.ActiveCfg = Debug|Any CPU
		{3695EDAE-72A2-41B5-B16B-E5A1FB845764}.Debug|Any CPU.Build.0 = Debug|Any CPU
		{3695EDAE-72A2-41B5-B16B-E5A1FB845764}.Release|Any CPU.ActiveCfg = Release|Any CPU
		{3695EDAE-72A2-41B5-B16B-E5A1FB845764}.Release|Any CPU.Build.0 = Release|Any CPU
		{3556B87A-F910-45DA-949A-B35EDB663A1F}.Debug|Any CPU.ActiveCfg = Debug|Any CPU
		{3556B87A-F910-45DA-949A-B35EDB663A1F}.Debug|Any CPU.Build.0 = Debug|Any CPU
		{3556B87A-F910-45DA-949A-B35EDB663A1F}.Release|Any CPU.ActiveCfg = Release|Any CPU
		{3556B87A-F910-45DA-949A-B35EDB663A1F}.Release|Any CPU.Build.0 = Release|Any CPU
		{BE3B659D-D791-4690-A345-564464B742FA}.Debug|Any CPU.ActiveCfg = Debug|Any CPU
		{BE3B659D-D791-4690-A345-564464B742FA}.Debug|Any CPU.Build.0 = Debug|Any CPU
		{BE3B659D-D791-4690-A345-564464B742FA}.Release|Any CPU.ActiveCfg = Release|Any CPU
		{BE3B659D-D791-4690-A345-564464B742FA}.Release|Any CPU.Build.0 = Release|Any CPU
	EndGlobalSection
	GlobalSection(SolutionProperties) = preSolution
		HideSolutionNode = FALSE
	EndGlobalSection
EndGlobal
